
Microsoft Visual Studio Solution File, Format Version 12.00
# Visual Studio Version 17
VisualStudioVersion = 17.6.33829.357
MinimumVisualStudioVersion = 10.0.40219.1
Project("{FAE04EC0-301F-11D3-BF4B-00C04F79EFBC}") = "wfTestThread", "wfTestThread\wfTestThread.csproj", "{43F5A35F-F03B-4D39-9F66-D98D43CAB087}"
EndProject
Global
	GlobalSection(SolutionConfigurationPlatforms) = preSolution
		Debug|Any CPU = Debug|Any CPU
		Release|Any CPU = Release|Any CPU
	EndGlobalSection
	GlobalSection(ProjectConfigurationPlatforms) = postSolution
		{43F5A35F-F03B-4D39-9F66-D98D43CAB087}.Debug|Any CPU.ActiveCfg = Debug|Any CPU
		{43F5A35F-F03B-4D39-9F66-D98D43CAB087}.Debug|Any CPU.Build.0 = Debug|Any CPU
		{43F5A35F-F03B-4D39-9F66-D98D43CAB087}.Release|Any CPU.ActiveCfg = Release|Any CPU
		{43F5A35F-F03B-4D39-9F66-D98D43CAB087}.Release|Any CPU.Build.0 = Release|Any CPU
	EndGlobalSection
	GlobalSection(SolutionProperties) = preSolution
		HideSolutionNode = FALSE
	EndGlobalSection
	GlobalSection(ExtensibilityGlobals) = postSolution
		SolutionGuid = {310B9459-6074-47B9-8988-C9EE820B94AF}
	EndGlobalSection
EndGlobal
